// !$*UTF8*$!
{
	archiveVersion = 1;
	classes = {
	};
	objectVersion = 46;
	objects = {

/* Begin PBXBuildFile section */
		453709B02B16FB1C42D8F85B /* Pods_ScaledPageView.framework in Frameworks */ = {isa = PBXBuildFile; fileRef = 99B64B50B9BA7EB4538B9058 /* Pods_ScaledPageView.framework */; };
		7B29EDB31D6ED9BD00A68DB1 /* AppDelegate.swift in Sources */ = {isa = PBXBuildFile; fileRef = 7B29EDB21D6ED9BD00A68DB1 /* AppDelegate.swift */; };
		7B29EDB51D6ED9BD00A68DB1 /* ViewController.swift in Sources */ = {isa = PBXBuildFile; fileRef = 7B29EDB41D6ED9BD00A68DB1 /* ViewController.swift */; };
		7B29EDB81D6ED9BD00A68DB1 /* Main.storyboard in Resources */ = {isa = PBXBuildFile; fileRef = 7B29EDB61D6ED9BD00A68DB1 /* Main.storyboard */; };
		7B29EDBA1D6ED9BD00A68DB1 /* Assets.xcassets in Resources */ = {isa = PBXBuildFile; fileRef = 7B29EDB91D6ED9BD00A68DB1 /* Assets.xcassets */; };
		7B29EDBD1D6ED9BD00A68DB1 /* LaunchScreen.storyboard in Resources */ = {isa = PBXBuildFile; fileRef = 7B29EDBB1D6ED9BD00A68DB1 /* LaunchScreen.storyboard */; };
		7B29EDCC1D6EDA9200A68DB1 /* SubContentView.swift in Sources */ = {isa = PBXBuildFile; fileRef = 7B29EDC81D6EDA9200A68DB1 /* SubContentView.swift */; };
		7B3AD0221D78613800F9D019 /* ScaledScrollView.swift in Sources */ = {isa = PBXBuildFile; fileRef = 7B3AD01F1D78613800F9D019 /* ScaledScrollView.swift */; };
		7B3AD0231D78613800F9D019 /* ScaledViewOn.swift in Sources */ = {isa = PBXBuildFile; fileRef = 7B3AD0201D78613800F9D019 /* ScaledViewOn.swift */; };
		7B3AD0241D78613800F9D019 /* ScaledViewProtocol.swift in Sources */ = {isa = PBXBuildFile; fileRef = 7B3AD0211D78613800F9D019 /* ScaledViewProtocol.swift */; };
		7BF806A31D786E6700404A12 /* CircleView.swift in Sources */ = {isa = PBXBuildFile; fileRef = 7BF8069F1D786E6700404A12 /* CircleView.swift */; };
		7BF806A41D786E6700404A12 /* HeaderLoadingBundle.bundle in Resources */ = {isa = PBXBuildFile; fileRef = 7BF806A01D786E6700404A12 /* HeaderLoadingBundle.bundle */; };
		7BF806A51D786E6700404A12 /* HeaderRefresh.swift in Sources */ = {isa = PBXBuildFile; fileRef = 7BF806A11D786E6700404A12 /* HeaderRefresh.swift */; };
		7BF806A61D786E6700404A12 /* RefreshTableBkgView.swift in Sources */ = {isa = PBXBuildFile; fileRef = 7BF806A21D786E6700404A12 /* RefreshTableBkgView.swift */; };
		7BF806A81D78713900404A12 /* NextViewController.swift in Sources */ = {isa = PBXBuildFile; fileRef = 7BF806A71D78713900404A12 /* NextViewController.swift */; };
/* End PBXBuildFile section */

/* Begin PBXFileReference section */
		4F6466F073EA5A862ECD3C46 /* Pods-ScaledPageView.debug.xcconfig */ = {isa = PBXFileReference; includeInIndex = 1; lastKnownFileType = text.xcconfig; name = "Pods-ScaledPageView.debug.xcconfig"; path = "Pods/Target Support Files/Pods-ScaledPageView/Pods-ScaledPageView.debug.xcconfig"; sourceTree = "<group>"; };
		7B29EDAF1D6ED9BD00A68DB1 /* ScaledPageView.app */ = {isa = PBXFileReference; explicitFileType = wrapper.application; includeInIndex = 0; path = ScaledPageView.app; sourceTree = BUILT_PRODUCTS_DIR; };
		7B29EDB21D6ED9BD00A68DB1 /* AppDelegate.swift */ = {isa = PBXFileReference; lastKnownFileType = sourcecode.swift; path = AppDelegate.swift; sourceTree = "<group>"; };
		7B29EDB41D6ED9BD00A68DB1 /* ViewController.swift */ = {isa = PBXFileReference; lastKnownFileType = sourcecode.swift; path = ViewController.swift; sourceTree = "<group>"; };
		7B29EDB71D6ED9BD00A68DB1 /* Base */ = {isa = PBXFileReference; lastKnownFileType = file.storyboard; name = Base; path = Base.lproj/Main.storyboard; sourceTree = "<group>"; };
		7B29EDB91D6ED9BD00A68DB1 /* Assets.xcassets */ = {isa = PBXFileReference; lastKnownFileType = folder.assetcatalog; path = Assets.xcassets; sourceTree = "<group>"; };
		7B29EDBC1D6ED9BD00A68DB1 /* Base */ = {isa = PBXFileReference; lastKnownFileType = file.storyboard; name = Base; path = Base.lproj/LaunchScreen.storyboard; sourceTree = "<group>"; };
		7B29EDBE1D6ED9BD00A68DB1 /* Info.plist */ = {isa = PBXFileReference; lastKnownFileType = text.plist.xml; path = Info.plist; sourceTree = "<group>"; };
		7B29EDC81D6EDA9200A68DB1 /* SubContentView.swift */ = {isa = PBXFileReference; fileEncoding = 4; lastKnownFileType = sourcecode.swift; path = SubContentView.swift; sourceTree = "<group>"; };
		7B3AD01F1D78613800F9D019 /* ScaledScrollView.swift */ = {isa = PBXFileReference; fileEncoding = 4; lastKnownFileType = sourcecode.swift; path = ScaledScrollView.swift; sourceTree = "<group>"; };
		7B3AD0201D78613800F9D019 /* ScaledViewOn.swift */ = {isa = PBXFileReference; fileEncoding = 4; lastKnownFileType = sourcecode.swift; path = ScaledViewOn.swift; sourceTree = "<group>"; };
		7B3AD0211D78613800F9D019 /* ScaledViewProtocol.swift */ = {isa = PBXFileReference; fileEncoding = 4; lastKnownFileType = sourcecode.swift; path = ScaledViewProtocol.swift; sourceTree = "<group>"; };
		7BF8069F1D786E6700404A12 /* CircleView.swift */ = {isa = PBXFileReference; fileEncoding = 4; lastKnownFileType = sourcecode.swift; path = CircleView.swift; sourceTree = "<group>"; };
		7BF806A01D786E6700404A12 /* HeaderLoadingBundle.bundle */ = {isa = PBXFileReference; lastKnownFileType = "wrapper.plug-in"; path = HeaderLoadingBundle.bundle; sourceTree = "<group>"; };
		7BF806A11D786E6700404A12 /* HeaderRefresh.swift */ = {isa = PBXFileReference; fileEncoding = 4; lastKnownFileType = sourcecode.swift; path = HeaderRefresh.swift; sourceTree = "<group>"; };
		7BF806A21D786E6700404A12 /* RefreshTableBkgView.swift */ = {isa = PBXFileReference; fileEncoding = 4; lastKnownFileType = sourcecode.swift; path = RefreshTableBkgView.swift; sourceTree = "<group>"; };
		7BF806A71D78713900404A12 /* NextViewController.swift */ = {isa = PBXFileReference; fileEncoding = 4; lastKnownFileType = sourcecode.swift; path = NextViewController.swift; sourceTree = "<group>"; };
		99B64B50B9BA7EB4538B9058 /* Pods_ScaledPageView.framework */ = {isa = PBXFileReference; explicitFileType = wrapper.framework; includeInIndex = 0; path = Pods_ScaledPageView.framework; sourceTree = BUILT_PRODUCTS_DIR; };
		DBCC169D7DD75EEAAA7B1923 /* Pods-ScaledPageView.release.xcconfig */ = {isa = PBXFileReference; includeInIndex = 1; lastKnownFileType = text.xcconfig; name = "Pods-ScaledPageView.release.xcconfig"; path = "Pods/Target Support Files/Pods-ScaledPageView/Pods-ScaledPageView.release.xcconfig"; sourceTree = "<group>"; };
/* End PBXFileReference section */

/* Begin PBXFrameworksBuildPhase section */
		7B29EDAC1D6ED9BD00A68DB1 /* Frameworks */ = {
			isa = PBXFrameworksBuildPhase;
			buildActionMask = 2147483647;
			files = (
				453709B02B16FB1C42D8F85B /* Pods_ScaledPageView.framework in Frameworks */,
			);
			runOnlyForDeploymentPostprocessing = 0;
		};
/* End PBXFrameworksBuildPhase section */

/* Begin PBXGroup section */
		229A77B8125C75ED20EF2820 /* Pods */ = {
			isa = PBXGroup;
			children = (
				4F6466F073EA5A862ECD3C46 /* Pods-ScaledPageView.debug.xcconfig */,
				DBCC169D7DD75EEAAA7B1923 /* Pods-ScaledPageView.release.xcconfig */,
			);
			name = Pods;
			sourceTree = "<group>";
		};
		3404F9A0865A06350DB0BD11 /* Frameworks */ = {
			isa = PBXGroup;
			children = (
				99B64B50B9BA7EB4538B9058 /* Pods_ScaledPageView.framework */,
			);
			name = Frameworks;
			sourceTree = "<group>";
		};
		7B29EDA61D6ED9BD00A68DB1 = {
			isa = PBXGroup;
			children = (
				7B29EDB11D6ED9BD00A68DB1 /* ScaledPageView */,
				7B29EDB01D6ED9BD00A68DB1 /* Products */,
				229A77B8125C75ED20EF2820 /* Pods */,
				3404F9A0865A06350DB0BD11 /* Frameworks */,
			);
			sourceTree = "<group>";
		};
		7B29EDB01D6ED9BD00A68DB1 /* Products */ = {
			isa = PBXGroup;
			children = (
				7B29EDAF1D6ED9BD00A68DB1 /* ScaledPageView.app */,
			);
			name = Products;
			sourceTree = "<group>";
		};
		7B29EDB11D6ED9BD00A68DB1 /* ScaledPageView */ = {
			isa = PBXGroup;
			children = (
				7BF8069E1D786E6700404A12 /* HeaderRefreshing */,
				7B29EDC41D6EDA9200A68DB1 /* sliding */,
				7B29EDB21D6ED9BD00A68DB1 /* AppDelegate.swift */,
				7B29EDB41D6ED9BD00A68DB1 /* ViewController.swift */,
				7BF806A71D78713900404A12 /* NextViewController.swift */,
				7B29EDB61D6ED9BD00A68DB1 /* Main.storyboard */,
				7B29EDB91D6ED9BD00A68DB1 /* Assets.xcassets */,
				7B29EDBB1D6ED9BD00A68DB1 /* LaunchScreen.storyboard */,
				7B29EDBE1D6ED9BD00A68DB1 /* Info.plist */,
			);
			path = ScaledPageView;
			sourceTree = "<group>";
		};
		7B29EDC41D6EDA9200A68DB1 /* sliding */ = {
			isa = PBXGroup;
			children = (
				7B3AD01F1D78613800F9D019 /* ScaledScrollView.swift */,
				7B3AD0201D78613800F9D019 /* ScaledViewOn.swift */,
				7B3AD0211D78613800F9D019 /* ScaledViewProtocol.swift */,
				7B29EDC81D6EDA9200A68DB1 /* SubContentView.swift */,
			);
			path = sliding;
			sourceTree = "<group>";
		};
		7BF8069E1D786E6700404A12 /* HeaderRefreshing */ = {
			isa = PBXGroup;
			children = (
				7BF8069F1D786E6700404A12 /* CircleView.swift */,
				7BF806A01D786E6700404A12 /* HeaderLoadingBundle.bundle */,
				7BF806A11D786E6700404A12 /* HeaderRefresh.swift */,
				7BF806A21D786E6700404A12 /* RefreshTableBkgView.swift */,
			);
			path = HeaderRefreshing;
			sourceTree = "<group>";
		};
/* End PBXGroup section */

/* Begin PBXNativeTarget section */
		7B29EDAE1D6ED9BD00A68DB1 /* ScaledPageView */ = {
			isa = PBXNativeTarget;
			buildConfigurationList = 7B29EDC11D6ED9BD00A68DB1 /* Build configuration list for PBXNativeTarget "ScaledPageView" */;
			buildPhases = (
				DBADE3C424BDD194BFBFCAA8 /* [CP] Check Pods Manifest.lock */,
				7B29EDAB1D6ED9BD00A68DB1 /* Sources */,
				7B29EDAC1D6ED9BD00A68DB1 /* Frameworks */,
				7B29EDAD1D6ED9BD00A68DB1 /* Resources */,
				DE6CDCD96B4013D3CBBBBD8C /* [CP] Embed Pods Frameworks */,
				D297B4E0D75858851400ADF6 /* [CP] Copy Pods Resources */,
				7B7BC9E11D9B5F8100F02AD7 /* ShellScript */,
			);
			buildRules = (
			);
			dependencies = (
			);
			name = ScaledPageView;
			productName = ScaledPageView;
			productReference = 7B29EDAF1D6ED9BD00A68DB1 /* ScaledPageView.app */;
			productType = "com.apple.product-type.application";
		};
/* End PBXNativeTarget section */

/* Begin PBXProject section */
		7B29EDA71D6ED9BD00A68DB1 /* Project object */ = {
			isa = PBXProject;
			attributes = {
				LastSwiftUpdateCheck = 0730;
				LastUpgradeCheck = 0800;
				ORGANIZATIONNAME = fei.wang;
				TargetAttributes = {
					7B29EDAE1D6ED9BD00A68DB1 = {
						CreatedOnToolsVersion = 7.3.1;
						DevelopmentTeam = 8WAGM995J6;
						LastSwiftMigration = 0800;
					};
				};
			};
			buildConfigurationList = 7B29EDAA1D6ED9BD00A68DB1 /* Build configuration list for PBXProject "ScaledPageView" */;
			compatibilityVersion = "Xcode 3.2";
			developmentRegion = English;
			hasScannedForEncodings = 0;
			knownRegions = (
				en,
				Base,
			);
			mainGroup = 7B29EDA61D6ED9BD00A68DB1;
			productRefGroup = 7B29EDB01D6ED9BD00A68DB1 /* Products */;
			projectDirPath = "";
			projectRoot = "";
			targets = (
				7B29EDAE1D6ED9BD00A68DB1 /* ScaledPageView */,
			);
		};
/* End PBXProject section */

/* Begin PBXResourcesBuildPhase section */
		7B29EDAD1D6ED9BD00A68DB1 /* Resources */ = {
			isa = PBXResourcesBuildPhase;
			buildActionMask = 2147483647;
			files = (
				7B29EDBD1D6ED9BD00A68DB1 /* LaunchScreen.storyboard in Resources */,
				7B29EDBA1D6ED9BD00A68DB1 /* Assets.xcassets in Resources */,
				7B29EDB81D6ED9BD00A68DB1 /* Main.storyboard in Resources */,
				7BF806A41D786E6700404A12 /* HeaderLoadingBundle.bundle in Resources */,
			);
			runOnlyForDeploymentPostprocessing = 0;
		};
/* End PBXResourcesBuildPhase section */

/* Begin PBXShellScriptBuildPhase section */
		7B7BC9E11D9B5F8100F02AD7 /* ShellScript */ = {
			isa = PBXShellScriptBuildPhase;
			buildActionMask = 2147483647;
			files = (
			);
			inputPaths = (
			);
			outputPaths = (
			);
			runOnlyForDeploymentPostprocessing = 0;
			shellPath = /bin/sh;
			shellScript = "\"${PODS_ROOT}/Fabric/run\" f40758ffefd1ff8acc223246daa94ea5db25ee81 25c061579823d94c3ff614e90748b7a8dc7a05e9e467911ca945afe1f7631706";
		};
		D297B4E0D75858851400ADF6 /* [CP] Copy Pods Resources */ = {
			isa = PBXShellScriptBuildPhase;
			buildActionMask = 2147483647;
			files = (
			);
			inputPaths = (
			);
			name = "[CP] Copy Pods Resources";
			outputPaths = (
			);
			runOnlyForDeploymentPostprocessing = 0;
			shellPath = /bin/sh;
			shellScript = "\"${SRCROOT}/Pods/Target Support Files/Pods-ScaledPageView/Pods-ScaledPageView-resources.sh\"\n";
			showEnvVarsInLog = 0;
		};
		DBADE3C424BDD194BFBFCAA8 /* [CP] Check Pods Manifest.lock */ = {
			isa = PBXShellScriptBuildPhase;
			buildActionMask = 2147483647;
			files = (
			);
			inputPaths = (
			);
			name = "[CP] Check Pods Manifest.lock";
			outputPaths = (
			);
			runOnlyForDeploymentPostprocessing = 0;
			shellPath = /bin/sh;
			shellScript = "diff \"${PODS_ROOT}/../Podfile.lock\" \"${PODS_ROOT}/Manifest.lock\" > /dev/null\nif [[ $? != 0 ]] ; then\n    cat << EOM\nerror: The sandbox is not in sync with the Podfile.lock. Run 'pod install' or update your CocoaPods installation.\nEOM\n    exit 1\nfi\n";
			showEnvVarsInLog = 0;
		};
		DE6CDCD96B4013D3CBBBBD8C /* [CP] Embed Pods Frameworks */ = {
			isa = PBXShellScriptBuildPhase;
			buildActionMask = 2147483647;
			files = (
			);
			inputPaths = (
			);
			name = "[CP] Embed Pods Frameworks";
			outputPaths = (
			);
			runOnlyForDeploymentPostprocessing = 0;
			shellPath = /bin/sh;
			shellScript = "\"${SRCROOT}/Pods/Target Support Files/Pods-ScaledPageView/Pods-ScaledPageView-frameworks.sh\"\n";
			showEnvVarsInLog = 0;
		};
/* End PBXShellScriptBuildPhase section */

/* Begin PBXSourcesBuildPhase section */
		7B29EDAB1D6ED9BD00A68DB1 /* Sources */ = {
			isa = PBXSourcesBuildPhase;
			buildActionMask = 2147483647;
			files = (
				7B3AD0241D78613800F9D019 /* ScaledViewProtocol.swift in Sources */,
				7B29EDB51D6ED9BD00A68DB1 /* ViewController.swift in Sources */,
				7B29EDB31D6ED9BD00A68DB1 /* AppDelegate.swift in Sources */,
				7B3AD0231D78613800F9D019 /* ScaledViewOn.swift in Sources */,
				7B29EDCC1D6EDA9200A68DB1 /* SubContentView.swift in Sources */,
				7BF806A81D78713900404A12 /* NextViewController.swift in Sources */,
				7BF806A31D786E6700404A12 /* CircleView.swift in Sources */,
				7BF806A61D786E6700404A12 /* RefreshTableBkgView.swift in Sources */,
				7BF806A51D786E6700404A12 /* HeaderRefresh.swift in Sources */,
				7B3AD0221D78613800F9D019 /* ScaledScrollView.swift in Sources */,
			);
			runOnlyForDeploymentPostprocessing = 0;
		};
/* End PBXSourcesBuildPhase section */

/* Begin PBXVariantGroup section */
		7B29EDB61D6ED9BD00A68DB1 /* Main.storyboard */ = {
			isa = PBXVariantGroup;
			children = (
				7B29EDB71D6ED9BD00A68DB1 /* Base */,
			);
			name = Main.storyboard;
			sourceTree = "<group>";
		};
		7B29EDBB1D6ED9BD00A68DB1 /* LaunchScreen.storyboard */ = {
			isa = PBXVariantGroup;
			children = (
				7B29EDBC1D6ED9BD00A68DB1 /* Base */,
			);
			name = LaunchScreen.storyboard;
			sourceTree = "<group>";
		};
/* End PBXVariantGroup section */

/* Begin XCBuildConfiguration section */
		7B29EDBF1D6ED9BD00A68DB1 /* Debug */ = {
			isa = XCBuildConfiguration;
			buildSettings = {
				ALWAYS_SEARCH_USER_PATHS = NO;
				CLANG_ANALYZER_NONNULL = YES;
				CLANG_CXX_LANGUAGE_STANDARD = "gnu++0x";
				CLANG_CXX_LIBRARY = "libc++";
				CLANG_ENABLE_MODULES = YES;
				CLANG_ENABLE_OBJC_ARC = YES;
				CLANG_WARN_BOOL_CONVERSION = YES;
				CLANG_WARN_CONSTANT_CONVERSION = YES;
				CLANG_WARN_DIRECT_OBJC_ISA_USAGE = YES_ERROR;
				CLANG_WARN_EMPTY_BODY = YES;
				CLANG_WARN_ENUM_CONVERSION = YES;
				CLANG_WARN_INFINITE_RECURSION = YES;
				CLANG_WARN_INT_CONVERSION = YES;
				CLANG_WARN_OBJC_ROOT_CLASS = YES_ERROR;
				CLANG_WARN_SUSPICIOUS_MOVE = YES;
				CLANG_WARN_UNREACHABLE_CODE = YES;
				CLANG_WARN__DUPLICATE_METHOD_MATCH = YES;
				"CODE_SIGN_IDENTITY[sdk=iphoneos*]" = "iPhone Developer";
				COPY_PHASE_STRIP = NO;
				DEBUG_INFORMATION_FORMAT = dwarf;
				ENABLE_STRICT_OBJC_MSGSEND = YES;
				ENABLE_TESTABILITY = YES;
				GCC_C_LANGUAGE_STANDARD = gnu99;
				GCC_DYNAMIC_NO_PIC = NO;
				GCC_NO_COMMON_BLOCKS = YES;
				GCC_OPTIMIZATION_LEVEL = 0;
				GCC_PREPROCESSOR_DEFINITIONS = (
					"DEBUG=1",
					"$(inherited)",
				);
				GCC_WARN_64_TO_32_BIT_CONVERSION = YES;
				GCC_WARN_ABOUT_RETURN_TYPE = YES_ERROR;
				GCC_WARN_UNDECLARED_SELECTOR = YES;
				GCC_WARN_UNINITIALIZED_AUTOS = YES_AGGRESSIVE;
				GCC_WARN_UNUSED_FUNCTION = YES;
				GCC_WARN_UNUSED_VARIABLE = YES;
				IPHONEOS_DEPLOYMENT_TARGET = 9.3;
				MTL_ENABLE_DEBUG_INFO = YES;
				ONLY_ACTIVE_ARCH = YES;
				SDKROOT = iphoneos;
				SWIFT_OPTIMIZATION_LEVEL = "-Onone";
			};
			name = Debug;
		};
		7B29EDC01D6ED9BD00A68DB1 /* Release */ = {
			isa = XCBuildConfiguration;
			buildSettings = {
				ALWAYS_SEARCH_USER_PATHS = NO;
				CLANG_ANALYZER_NONNULL = YES;
				CLANG_CXX_LANGUAGE_STANDARD = "gnu++0x";
				CLANG_CXX_LIBRARY = "libc++";
				CLANG_ENABLE_MODULES = YES;
				CLANG_ENABLE_OBJC_ARC = YES;
				CLANG_WARN_BOOL_CONVERSION = YES;
				CLANG_WARN_CONSTANT_CONVERSION = YES;
				CLANG_WARN_DIRECT_OBJC_ISA_USAGE = YES_ERROR;
				CLANG_WARN_EMPTY_BODY = YES;
				CLANG_WARN_ENUM_CONVERSION = YES;
				CLANG_WARN_INFINITE_RECURSION = YES;
				CLANG_WARN_INT_CONVERSION = YES;
				CLANG_WARN_OBJC_ROOT_CLASS = YES_ERROR;
				CLANG_WARN_SUSPICIOUS_MOVE = YES;
				CLANG_WARN_UNREACHABLE_CODE = YES;
				CLANG_WARN__DUPLICATE_METHOD_MATCH = YES;
				"CODE_SIGN_IDENTITY[sdk=iphoneos*]" = "iPhone Developer";
				COPY_PHASE_STRIP = NO;
				DEBUG_INFORMATION_FORMAT = "dwarf-with-dsym";
				ENABLE_NS_ASSERTIONS = NO;
				ENABLE_STRICT_OBJC_MSGSEND = YES;
				GCC_C_LANGUAGE_STANDARD = gnu99;
				GCC_NO_COMMON_BLOCKS = YES;
				GCC_WARN_64_TO_32_BIT_CONVERSION = YES;
				GCC_WARN_ABOUT_RETURN_TYPE = YES_ERROR;
				GCC_WARN_UNDECLARED_SELECTOR = YES;
				GCC_WARN_UNINITIALIZED_AUTOS = YES_AGGRESSIVE;
				GCC_WARN_UNUSED_FUNCTION = YES;
				GCC_WARN_UNUSED_VARIABLE = YES;
				IPHONEOS_DEPLOYMENT_TARGET = 9.3;
				MTL_ENABLE_DEBUG_INFO = NO;
				SDKROOT = iphoneos;
				SWIFT_OPTIMIZATION_LEVEL = "-Owholemodule";
				VALIDATE_PRODUCT = YES;
			};
			name = Release;
		};
		7B29EDC21D6ED9BD00A68DB1 /* Debug */ = {
			isa = XCBuildConfiguration;
			baseConfigurationReference = 4F6466F073EA5A862ECD3C46 /* Pods-ScaledPageView.debug.xcconfig */;
			buildSettings = {
				ALWAYS_EMBED_SWIFT_STANDARD_LIBRARIES = YES;
				ASSETCATALOG_COMPILER_APPICON_NAME = AppIcon;
				CODE_SIGN_IDENTITY = "iPhone Developer";
				"CODE_SIGN_IDENTITY[sdk=iphoneos*]" = "iPhone Developer";
				DEVELOPMENT_TEAM = 8WAGM995J6;
				INFOPLIST_FILE = ScaledPageView/Info.plist;
				LD_RUNPATH_SEARCH_PATHS = "$(inherited) @executable_path/Frameworks";
				PRODUCT_BUNDLE_IDENTIFIER = com.finn.ScaledPageView;
				PRODUCT_NAME = "$(TARGET_NAME)";
				PROVISIONING_PROFILE = "";
				SWIFT_VERSION = 2.3;
			};
			name = Debug;
		};
		7B29EDC31D6ED9BD00A68DB1 /* Release */ = {
			isa = XCBuildConfiguration;
			baseConfigurationReference = DBCC169D7DD75EEAAA7B1923 /* Pods-ScaledPageView.release.xcconfig */;
			buildSettings = {
				ALWAYS_EMBED_SWIFT_STANDARD_LIBRARIES = YES;
				ASSETCATALOG_COMPILER_APPICON_NAME = AppIcon;
				CODE_SIGN_IDENTITY = "iPhone Developer";
				"CODE_SIGN_IDENTITY[sdk=iphoneos*]" = "iPhone Developer";
				DEVELOPMENT_TEAM = 8WAGM995J6;
				INFOPLIST_FILE = ScaledPageView/Info.plist;
				LD_RUNPATH_SEARCH_PATHS = "$(inherited) @executable_path/Frameworks";
				PRODUCT_BUNDLE_IDENTIFIER = com.finn.ScaledPageView;
				PRODUCT_NAME = "$(TARGET_NAME)";
				PROVISIONING_PROFILE = "";
				SWIFT_VERSION = 2.3;
			};
			name = Release;
		};
/* End XCBuildConfiguration section */

/* Begin XCConfigurationList section */
		7B29EDAA1D6ED9BD00A68DB1 /* Build configuration list for PBXProject "ScaledPageView" */ = {
			isa = XCConfigurationList;
			buildConfigurations = (
				7B29EDBF1D6ED9BD00A68DB1 /* Debug */,
				7B29EDC01D6ED9BD00A68DB1 /* Release */,
			);
			defaultConfigurationIsVisible = 0;
			defaultConfigurationName = Release;
		};
		7B29EDC11D6ED9BD00A68DB1 /* Build configuration list for PBXNativeTarget "ScaledPageView" */ = {
			isa = XCConfigurationList;
			buildConfigurations = (
				7B29EDC21D6ED9BD00A68DB1 /* Debug */,
				7B29EDC31D6ED9BD00A68DB1 /* Release */,
			);
			defaultConfigurationIsVisible = 0;
			defaultConfigurationName = Release;
		};
/* End XCConfigurationList section */
	};
	rootObject = 7B29EDA71D6ED9BD00A68DB1 /* Project object */;
}
